
Microsoft Visual Studio Solution File, Format Version 12.00
# Visual Studio Version 17
VisualStudioVersion = 17.5.33516.290
MinimumVisualStudioVersion = 10.0.40219.1
Project("{FAE04EC0-301F-11D3-BF4B-00C04F79EFBC}") = "swap2numbers", "swap2numbers.csproj", "{45C049F8-CE46-4E16-9494-1618509BFCE4}"
EndProject
Global
	GlobalSection(SolutionConfigurationPlatforms) = preSolution
		Debug|Any CPU = Debug|Any CPU
		Release|Any CPU = Release|Any CPU
	EndGlobalSection
	GlobalSection(ProjectConfigurationPlatforms) = postSolution
		{45C049F8-CE46-4E16-9494-1618509BFCE4}.Debug|Any CPU.ActiveCfg = Debug|Any CPU
		{45C049F8-CE46-4E16-9494-1618509BFCE4}.Debug|Any CPU.Build.0 = Debug|Any CPU
		{45C049F8-CE46-4E16-9494-1618509BFCE4}.Release|Any CPU.ActiveCfg = Release|Any CPU
		{45C049F8-CE46-4E16-9494-1618509BFCE4}.Release|Any CPU.Build.0 = Release|Any CPU
	EndGlobalSection
	GlobalSection(SolutionProperties) = preSolution
		HideSolutionNode = FALSE
	EndGlobalSection
	GlobalSection(ExtensibilityGlobals) = postSolution
		SolutionGuid = {8EF2F471-7208-4B5A-B274-FBB1660B72A3}
	EndGlobalSection
EndGlobal
