
Microsoft Visual Studio Solution File, Format Version 12.00
# Visual Studio Version 17
VisualStudioVersion = 17.5.33516.290
MinimumVisualStudioVersion = 10.0.40219.1
Project("{FAE04EC0-301F-11D3-BF4B-00C04F79EFBC}") = "replaceall0swith5", "replaceall0swith5.csproj", "{97E218C5-48EB-4BEC-A6A2-A076E0D6E310}"
EndProject
Global
	GlobalSection(SolutionConfigurationPlatforms) = preSolution
		Debug|Any CPU = Debug|Any CPU
		Release|Any CPU = Release|Any CPU
	EndGlobalSection
	GlobalSection(ProjectConfigurationPlatforms) = postSolution
		{97E218C5-48EB-4BEC-A6A2-A076E0D6E310}.Debug|Any CPU.ActiveCfg = Debug|Any CPU
		{97E218C5-48EB-4BEC-A6A2-A076E0D6E310}.Debug|Any CPU.Build.0 = Debug|Any CPU
		{97E218C5-48EB-4BEC-A6A2-A076E0D6E310}.Release|Any CPU.ActiveCfg = Release|Any CPU
		{97E218C5-48EB-4BEC-A6A2-A076E0D6E310}.Release|Any CPU.Build.0 = Release|Any CPU
	EndGlobalSection
	GlobalSection(SolutionProperties) = preSolution
		HideSolutionNode = FALSE
	EndGlobalSection
	GlobalSection(ExtensibilityGlobals) = postSolution
		SolutionGuid = {E17C4D33-0575-4AAB-AB6D-17AAA29255B7}
	EndGlobalSection
EndGlobal
