
Microsoft Visual Studio Solution File, Format Version 12.00
# Visual Studio Version 17
VisualStudioVersion = 17.5.33516.290
MinimumVisualStudioVersion = 10.0.40219.1
Project("{FAE04EC0-301F-11D3-BF4B-00C04F79EFBC}") = "note", "note.csproj", "{EE410025-0491-430C-A615-B3FED78A5BB6}"
EndProject
Global
	GlobalSection(SolutionConfigurationPlatforms) = preSolution
		Debug|Any CPU = Debug|Any CPU
		Release|Any CPU = Release|Any CPU
	EndGlobalSection
	GlobalSection(ProjectConfigurationPlatforms) = postSolution
		{EE410025-0491-430C-A615-B3FED78A5BB6}.Debug|Any CPU.ActiveCfg = Debug|Any CPU
		{EE410025-0491-430C-A615-B3FED78A5BB6}.Debug|Any CPU.Build.0 = Debug|Any CPU
		{EE410025-0491-430C-A615-B3FED78A5BB6}.Release|Any CPU.ActiveCfg = Release|Any CPU
		{EE410025-0491-430C-A615-B3FED78A5BB6}.Release|Any CPU.Build.0 = Release|Any CPU
	EndGlobalSection
	GlobalSection(SolutionProperties) = preSolution
		HideSolutionNode = FALSE
	EndGlobalSection
	GlobalSection(ExtensibilityGlobals) = postSolution
		SolutionGuid = {2FE6E937-9B5A-41E9-87CB-EE52E1C42705}
	EndGlobalSection
EndGlobal
