
Microsoft Visual Studio Solution File, Format Version 12.00
# Visual Studio Version 17
VisualStudioVersion = 17.5.33516.290
MinimumVisualStudioVersion = 10.0.40219.1
Project("{FAE04EC0-301F-11D3-BF4B-00C04F79EFBC}") = "multiplication", "multiplication.csproj", "{3323C2E6-03B8-4CB3-8C54-2C44EE7D4D47}"
EndProject
Global
	GlobalSection(SolutionConfigurationPlatforms) = preSolution
		Debug|Any CPU = Debug|Any CPU
		Release|Any CPU = Release|Any CPU
	EndGlobalSection
	GlobalSection(ProjectConfigurationPlatforms) = postSolution
		{3323C2E6-03B8-4CB3-8C54-2C44EE7D4D47}.Debug|Any CPU.ActiveCfg = Debug|Any CPU
		{3323C2E6-03B8-4CB3-8C54-2C44EE7D4D47}.Debug|Any CPU.Build.0 = Debug|Any CPU
		{3323C2E6-03B8-4CB3-8C54-2C44EE7D4D47}.Release|Any CPU.ActiveCfg = Release|Any CPU
		{3323C2E6-03B8-4CB3-8C54-2C44EE7D4D47}.Release|Any CPU.Build.0 = Release|Any CPU
	EndGlobalSection
	GlobalSection(SolutionProperties) = preSolution
		HideSolutionNode = FALSE
	EndGlobalSection
	GlobalSection(ExtensibilityGlobals) = postSolution
		SolutionGuid = {A78E8E09-67A0-4784-BF11-06A47B94DC89}
	EndGlobalSection
EndGlobal
