
Microsoft Visual Studio Solution File, Format Version 12.00
# Visual Studio Version 17
VisualStudioVersion = 17.5.33516.290
MinimumVisualStudioVersion = 10.0.40219.1
Project("{FAE04EC0-301F-11D3-BF4B-00C04F79EFBC}") = "JWTAuth", "JWTAuth.csproj", "{142D3824-FC3C-453C-8287-B6C9418F8B90}"
EndProject
Global
	GlobalSection(SolutionConfigurationPlatforms) = preSolution
		Debug|Any CPU = Debug|Any CPU
		Release|Any CPU = Release|Any CPU
	EndGlobalSection
	GlobalSection(ProjectConfigurationPlatforms) = postSolution
		{142D3824-FC3C-453C-8287-B6C9418F8B90}.Debug|Any CPU.ActiveCfg = Debug|Any CPU
		{142D3824-FC3C-453C-8287-B6C9418F8B90}.Debug|Any CPU.Build.0 = Debug|Any CPU
		{142D3824-FC3C-453C-8287-B6C9418F8B90}.Release|Any CPU.ActiveCfg = Release|Any CPU
		{142D3824-FC3C-453C-8287-B6C9418F8B90}.Release|Any CPU.Build.0 = Release|Any CPU
	EndGlobalSection
	GlobalSection(SolutionProperties) = preSolution
		HideSolutionNode = FALSE
	EndGlobalSection
	GlobalSection(ExtensibilityGlobals) = postSolution
		SolutionGuid = {BBD259D7-56B4-455B-889C-74D105DB34E9}
	EndGlobalSection
EndGlobal
