
Microsoft Visual Studio Solution File, Format Version 12.00
# Visual Studio Version 17
VisualStudioVersion = 17.5.33516.290
MinimumVisualStudioVersion = 10.0.40219.1
Project("{FAE04EC0-301F-11D3-BF4B-00C04F79EFBC}") = "decimal", "decimal.csproj", "{C94CF6C0-E348-4872-813B-82FFCD1FD5FB}"
EndProject
Global
	GlobalSection(SolutionConfigurationPlatforms) = preSolution
		Debug|Any CPU = Debug|Any CPU
		Release|Any CPU = Release|Any CPU
	EndGlobalSection
	GlobalSection(ProjectConfigurationPlatforms) = postSolution
		{C94CF6C0-E348-4872-813B-82FFCD1FD5FB}.Debug|Any CPU.ActiveCfg = Debug|Any CPU
		{C94CF6C0-E348-4872-813B-82FFCD1FD5FB}.Debug|Any CPU.Build.0 = Debug|Any CPU
		{C94CF6C0-E348-4872-813B-82FFCD1FD5FB}.Release|Any CPU.ActiveCfg = Release|Any CPU
		{C94CF6C0-E348-4872-813B-82FFCD1FD5FB}.Release|Any CPU.Build.0 = Release|Any CPU
	EndGlobalSection
	GlobalSection(SolutionProperties) = preSolution
		HideSolutionNode = FALSE
	EndGlobalSection
	GlobalSection(ExtensibilityGlobals) = postSolution
		SolutionGuid = {9C9EB8EC-0571-4527-9A5F-966F56884ABB}
	EndGlobalSection
EndGlobal
