
Microsoft Visual Studio Solution File, Format Version 12.00
# Visual Studio Version 17
VisualStudioVersion = 17.5.33516.290
MinimumVisualStudioVersion = 10.0.40219.1
Project("{FAE04EC0-301F-11D3-BF4B-00C04F79EFBC}") = "Mail folder", "Mail folder.csproj", "{5F73BEB3-3561-42DF-A2BC-BBFC4F1E1731}"
EndProject
Global
	GlobalSection(SolutionConfigurationPlatforms) = preSolution
		Debug|Any CPU = Debug|Any CPU
		Release|Any CPU = Release|Any CPU
	EndGlobalSection
	GlobalSection(ProjectConfigurationPlatforms) = postSolution
		{5F73BEB3-3561-42DF-A2BC-BBFC4F1E1731}.Debug|Any CPU.ActiveCfg = Debug|Any CPU
		{5F73BEB3-3561-42DF-A2BC-BBFC4F1E1731}.Debug|Any CPU.Build.0 = Debug|Any CPU
		{5F73BEB3-3561-42DF-A2BC-BBFC4F1E1731}.Release|Any CPU.ActiveCfg = Release|Any CPU
		{5F73BEB3-3561-42DF-A2BC-BBFC4F1E1731}.Release|Any CPU.Build.0 = Release|Any CPU
	EndGlobalSection
	GlobalSection(SolutionProperties) = preSolution
		HideSolutionNode = FALSE
	EndGlobalSection
	GlobalSection(ExtensibilityGlobals) = postSolution
		SolutionGuid = {D0E20F6D-807A-411B-8E31-19A88722C266}
	EndGlobalSection
EndGlobal
