
Microsoft Visual Studio Solution File, Format Version 12.00
# Visual Studio Version 17
VisualStudioVersion = 17.5.33516.290
MinimumVisualStudioVersion = 10.0.40219.1
Project("{FAE04EC0-301F-11D3-BF4B-00C04F79EFBC}") = "interface", "interface.csproj", "{CBAF324B-CAA4-4EFF-A6E2-DD662FCF72F8}"
EndProject
Global
	GlobalSection(SolutionConfigurationPlatforms) = preSolution
		Debug|Any CPU = Debug|Any CPU
		Release|Any CPU = Release|Any CPU
	EndGlobalSection
	GlobalSection(ProjectConfigurationPlatforms) = postSolution
		{CBAF324B-CAA4-4EFF-A6E2-DD662FCF72F8}.Debug|Any CPU.ActiveCfg = Debug|Any CPU
		{CBAF324B-CAA4-4EFF-A6E2-DD662FCF72F8}.Debug|Any CPU.Build.0 = Debug|Any CPU
		{CBAF324B-CAA4-4EFF-A6E2-DD662FCF72F8}.Release|Any CPU.ActiveCfg = Release|Any CPU
		{CBAF324B-CAA4-4EFF-A6E2-DD662FCF72F8}.Release|Any CPU.Build.0 = Release|Any CPU
	EndGlobalSection
	GlobalSection(SolutionProperties) = preSolution
		HideSolutionNode = FALSE
	EndGlobalSection
	GlobalSection(ExtensibilityGlobals) = postSolution
		SolutionGuid = {3CAD3C8B-FB2F-4049-83DD-B312A9F2ACFB}
	EndGlobalSection
EndGlobal
