
Microsoft Visual Studio Solution File, Format Version 12.00
# Visual Studio Version 17
VisualStudioVersion = 17.5.33516.290
MinimumVisualStudioVersion = 10.0.40219.1
Project("{FAE04EC0-301F-11D3-BF4B-00C04F79EFBC}") = "demo", "demo.csproj", "{DECE5BF3-F7F0-41E7-A1CB-53C666EB7E00}"
EndProject
Global
	GlobalSection(SolutionConfigurationPlatforms) = preSolution
		Debug|Any CPU = Debug|Any CPU
		Release|Any CPU = Release|Any CPU
	EndGlobalSection
	GlobalSection(ProjectConfigurationPlatforms) = postSolution
		{DECE5BF3-F7F0-41E7-A1CB-53C666EB7E00}.Debug|Any CPU.ActiveCfg = Debug|Any CPU
		{DECE5BF3-F7F0-41E7-A1CB-53C666EB7E00}.Debug|Any CPU.Build.0 = Debug|Any CPU
		{DECE5BF3-F7F0-41E7-A1CB-53C666EB7E00}.Release|Any CPU.ActiveCfg = Release|Any CPU
		{DECE5BF3-F7F0-41E7-A1CB-53C666EB7E00}.Release|Any CPU.Build.0 = Release|Any CPU
	EndGlobalSection
	GlobalSection(SolutionProperties) = preSolution
		HideSolutionNode = FALSE
	EndGlobalSection
	GlobalSection(ExtensibilityGlobals) = postSolution
		SolutionGuid = {1BA5C437-4B3E-4492-BCF3-CFF6F6AFD8CA}
	EndGlobalSection
EndGlobal
